Microsoft Visual Studio Solution File, Format Version 12.00
# Visual Studio Version 17
VisualStudioVersion = 17.5.2.0
MinimumVisualStudioVersion = 10.0.40219.1
Project("{2150E333-8FDC-42A3-9474-1A3956D46DE8}") = "Week 1", "Week 1", "{10A566DF-2C11-8211-AD03-C47967CBE17B}"
EndProject
Project("{FAE04EC0-301F-11D3-BF4B-00C04F79EFBC}") = "design1", "Week 1\Design Pattern and Principles Problem 1\design1.csproj", "{D4FC7AB6-78F8-C5F1-935B-C8C681B301B2}"
EndProject
Project("{FAE04EC0-301F-11D3-BF4B-00C04F79EFBC}") = "design2", "Week 1\Design Pattern and Principles Problem 2\design2.csproj", "{12F5E19E-A6F2-D57E-917F-E49D2AEC7CDF}"
EndProject
Project("{FAE04EC0-301F-11D3-BF4B-00C04F79EFBC}") = "MyApp", "Week 1\DSA Problem 2\MyApp.csproj", "{AE8E8E50-379D-4B07-CECB-CA4B1A5D8D3F}"
EndProject
Project("{FAE04EC0-301F-11D3-BF4B-00C04F79EFBC}") = "ds1", "Week 1\DSA Problem 7\ds1.csproj", "{8D5E380D-6956-6449-32AE-00B89860DE6A}"
EndProject
Global
	GlobalSection(SolutionConfigurationPlatforms) = preSolution
		Debug|Any CPU = Debug|Any CPU
		Release|Any CPU = Release|Any CPU
	EndGlobalSection
	GlobalSection(ProjectConfigurationPlatforms) = postSolution
		{D4FC7AB6-78F8-C5F1-935B-C8C681B301B2}.Debug|Any CPU.ActiveCfg = Debug|Any CPU
		{D4FC7AB6-78F8-C5F1-935B-C8C681B301B2}.Debug|Any CPU.Build.0 = Debug|Any CPU
		{D4FC7AB6-78F8-C5F1-935B-C8C681B301B2}.Release|Any CPU.ActiveCfg = Release|Any CPU
		{D4FC7AB6-78F8-C5F1-935B-C8C681B301B2}.Release|Any CPU.Build.0 = Release|Any CPU
		{12F5E19E-A6F2-D57E-917F-E49D2AEC7CDF}.Debug|Any CPU.ActiveCfg = Debug|Any CPU
		{12F5E19E-A6F2-D57E-917F-E49D2AEC7CDF}.Debug|Any CPU.Build.0 = Debug|Any CPU
		{12F5E19E-A6F2-D57E-917F-E49D2AEC7CDF}.Release|Any CPU.ActiveCfg = Release|Any CPU
		{12F5E19E-A6F2-D57E-917F-E49D2AEC7CDF}.Release|Any CPU.Build.0 = Release|Any CPU
		{AE8E8E50-379D-4B07-CECB-CA4B1A5D8D3F}.Debug|Any CPU.ActiveCfg = Debug|Any CPU
		{AE8E8E50-379D-4B07-CECB-CA4B1A5D8D3F}.Debug|Any CPU.Build.0 = Debug|Any CPU
		{AE8E8E50-379D-4B07-CECB-CA4B1A5D8D3F}.Release|Any CPU.ActiveCfg = Release|Any CPU
		{AE8E8E50-379D-4B07-CECB-CA4B1A5D8D3F}.Release|Any CPU.Build.0 = Release|Any CPU
		{8D5E380D-6956-6449-32AE-00B89860DE6A}.Debug|Any CPU.ActiveCfg = Debug|Any CPU
		{8D5E380D-6956-6449-32AE-00B89860DE6A}.Debug|Any CPU.Build.0 = Debug|Any CPU
		{8D5E380D-6956-6449-32AE-00B89860DE6A}.Release|Any CPU.ActiveCfg = Release|Any CPU
		{8D5E380D-6956-6449-32AE-00B89860DE6A}.Release|Any CPU.Build.0 = Release|Any CPU
	EndGlobalSection
	GlobalSection(SolutionProperties) = preSolution
		HideSolutionNode = FALSE
	EndGlobalSection
	GlobalSection(NestedProjects) = preSolution
		{D4FC7AB6-78F8-C5F1-935B-C8C681B301B2} = {10A566DF-2C11-8211-AD03-C47967CBE17B}
		{12F5E19E-A6F2-D57E-917F-E49D2AEC7CDF} = {10A566DF-2C11-8211-AD03-C47967CBE17B}
		{AE8E8E50-379D-4B07-CECB-CA4B1A5D8D3F} = {10A566DF-2C11-8211-AD03-C47967CBE17B}
		{8D5E380D-6956-6449-32AE-00B89860DE6A} = {10A566DF-2C11-8211-AD03-C47967CBE17B}
	EndGlobalSection
	GlobalSection(ExtensibilityGlobals) = postSolution
		SolutionGuid = {F71855C7-7AA3-441B-A70B-364C0F671294}
	EndGlobalSection
EndGlobal
